lockfileVersion: '9.0'

settings:
  autoInstallPeers: true
  excludeLinksFromLockfile: false

importers:

  .: {}

  catalog:
    dependencies:
      '@tanstack/react-router':
        specifier: ^1.170.0
        version: 1.170.41(react-dom@19.3.0(react@19.3.0))(react@19.3.0)
      react:
        specifier: ^19.2.0
        version: 19.3.0
      react-dom:
        specifier: ^19.2.0
        version: 19.3.0(react@19.3.0)
    devDependencies:
      '@module-federation/rsbuild-plugin':
        specifier: ^2.9.0
        version: 2.9.2(@rsbuild/core@2.2.12(@module-federation/runtime-tools@2.9.2))(@rspack/core@2.2.8(@module-federation/runtime-tools@2.9.2)(@swc/helpers@0.5.23))(typescript@5.9.3)
      '@rsbuild/core':
        specifier: ^2.2.0
        version: 2.2.12(@module-federation/runtime-tools@2.9.2)
      '@rsbuild/plugin-react':
        specifier: ^2.1.0
        version: 2.1.1(@rsbuild/core@2.2.12(@module-federation/runtime-tools@2.9.2))(@rspack/core@2.2.8(@module-federation/runtime-tools@2.9.2)(@swc/helpers@0.5.23))
      '@types/react':
        specifier: ^19.2.2
        version: 19.3.0
      '@types/react-dom':
        specifier: ^19.2.2
        version: 19.3.0(@types/react@19.3.0)
      typescript:
        specifier: ^5.9.3
        version: 5.9.3
      zephyr-rsbuild-plugin:
        specifier: latest
        version: 1.6.0(@rsbuild/core@2.2.12(@module-federation/runtime-tools@2.9.2))(@rspack/core@2.2.8(@module-federation/runtime-tools@2.9.2)(@swc/helpers@0.5.23))

  host:
    dependencies:
      '@tanstack/react-router':
        specifier: ^1.170.0
        version: 1.170.41(react-dom@19.3.0(react@19.3.0))(react@19.3.0)
      react:
        specifier: ^19.2.0
        version: 19.3.0
      react-dom:
        specifier: ^19.2.0
        version: 19.3.0(react@19.3.0)
    devDependencies:
      '@module-federation/rsbuild-plugin':
        specifier: ^2.9.0
        version: 2.9.2(@rsbuild/core@2.2.12(@module-federation/runtime-tools@2.9.2))(@rspack/core@2.2.8(@module-federation/runtime-tools@2.9.2)(@swc/helpers@0.5.23))(typescript@5.9.3)
      '@rsbuild/core':
        specifier: ^2.2.0
        version: 2.2.12(@module-federation/runtime-tools@2.9.2)
      '@rsbuild/plugin-react':
        specifier: ^2.1.0
        version: 2.1.1(@rsbuild/core@2.2.12(@module-federation/runtime-tools@2.9.2))(@rspack/core@2.2.8(@module-federation/runtime-tools@2.9.2)(@swc/helpers@0.5.23))
      '@types/react':
        specifier: ^19.2.2
        version: 19.3.0
      '@types/react-dom':
        specifier: ^19.2.2
        version: 19.3.0(@types/react@19.3.0)
      typescript:
        specifier: ^5.9.3
        version: 5.9.3
      zephyr-rsbuild-plugin:
        specifier: latest
        version: 1.6.0(@rsbuild/core@2.2.12(@module-federation/runtime-tools@2.9.2))(@rspack/core@2.2.8(@module-federation/runtime-tools@2.9.2)(@swc/helpers@0.5.23))

packages:

  '@bybrave/proper-lockfile2@5.0.0':
    resolution: {integrity: sha512-oeebmWF78nnEw/v3B93dOsuqpGFseDoab9YdSDXSNGfksh5n9KIabFo9lzleEdiPygbpm6btCj6O58k0z1xaEw==}
    engines: {node: '>=18'}

  '@emnapi/core@1.11.3':
    resolution: {integrity: sha512-zLpS5asjEb7lq8jYLq37N6XKaE41DIexlY1rF/z4/tIl3wo13Sqm28fRyfIsKZD+NZ8mM5RoKkpW/rBcuoSZSg==}

  '@emnapi/runtime@1.11.3':
    resolution: {integrity: sha512-Xz4Tpyki7XyrpbUK1jR1AhdAdaXyhhY4lZ3neLodmhpuWfy2PAQN5B46sAiU4liOXGLkHypn/qU+jvfWSCYYLA==}

  '@emnapi/wasi-threads@1.2.3':
    resolution: {integrity: sha512-ELEBe8PsLvvJ6QMr0zLt8ffvOHW/dc1m3CEzNMg7aJUv3bMaoDtw2TXyDAwkYBuroxxuHEwhRTLJSe5sya547g==}

  '@module-federation/bridge-react-webpack-plugin@2.9.2':
    resolution: {integrity: sha512-6ikuvP1639g8jzSxveDLz/BOk0VTIkO7aSuvrZgq0waB0h553zFtkTJAXQETezzO+s1taHGhEvFoCtl6DJWu6A==}

  '@module-federation/cli@2.9.2':
    resolution: {integrity: sha512-1+rNHFGC07lQq7CtgcF9ibtgMcAau4TzdOcLfCv13+o5XWWdM8X1yhPbqQWvj3MO/C/Js7Xwon1sTKjF69Do9g==}
    engines: {node: '>=16.0.0'}
    hasBin: true

  '@module-federation/dts-plugin@2.9.2':
    resolution: {integrity: sha512-J84cRrewtUFnFdMeD/91mHtW+Toh3mAWvGnhsFAc9oEbGwqfzJEfgPJri65xdtzWcNhs1d6FImPMTvnjzOnYvA==}
    peerDependencies:
      typescript: ^4.9.0 || ^5.0.0 || ^6.0.0 || ^7.0.0
      vue-tsc: '>=1.0.24'
    peerDependenciesMeta:
      vue-tsc:
        optional: true

  '@module-federation/enhanced@2.9.2':
    resolution: {integrity: sha512-m1/kzb97Eu1v7FUenvwMpJiF6Vc8RNDjFxHS+YNgxy3WjI8s/mQrLJBrGK66qpK3wuP9kx0qB65kRiurB9IjUA==}
    hasBin: true
    peerDependencies:
      typescript: ^4.9.0 || ^5.0.0 || ^6.0.0 || ^7.0.0
      vue-tsc: '>=1.0.24'
      webpack: ^5.0.0
    peerDependenciesMeta:
      typescript:
        optional: true
      vue-tsc:
        optional: true
      webpack:
        optional: true

  '@module-federation/error-codes@2.9.2':
    resolution: {integrity: sha512-MTpKubqsJSBgnuw+2Pli1kHL4INeHD5cGnHL84oRANwQAWK7b6lN3ZZTmL3FL6lYn65ImineqZNqGWBv5GQVLQ==}

  '@module-federation/inject-external-runtime-core-plugin@2.9.2':
    resolution: {integrity: sha512-e8F/+fNwVgwhJVhLURAa7orYe1WFojamf4myf/G4jszGZ6Yx5DoIUjFBMrkLQgY2nuM/cw2/itIY4ZMGL1CJbA==}
    peerDependencies:
      '@module-federation/runtime-tools': 2.9.2

  '@module-federation/managers@2.9.2':
    resolution: {integrity: sha512-VtSKLkT2EA1wqCMFXNiklC+XF+5bZPYY3sUQ9LCFHqKS7v7NOJDrwMV6Qtw3fxH4Y6Pe6P28MiU8D9dlzknCKQ==}

  '@module-federation/manifest@2.9.2':
    resolution: {integrity: sha512-l9X1g2nHqjdumz9U9jawKo8rKoWXVbSlzLOqs+GYiHfzqSB2/ZQ+4AX0CaJ7orLz2varpGK4qdnQ0saptGuEVw==}

  '@module-federation/node@2.7.52':
    resolution: {integrity: sha512-K6R3+UoLK7SCxL0bxRs3J17AZeOEOY8ytyqxP3Y1jtO/drVqu1GaB0t+N1hvmle2zfAe9AmSG49cUiO03T5aEQ==}
    peerDependencies:
      webpack: ^5.40.0
    peerDependenciesMeta:
      webpack:
        optional: true

  '@module-federation/rsbuild-plugin@2.9.2':
    resolution: {integrity: sha512-E6VekVYmFdKWhL/ip75ukhAm/9gbK7f/cRmzS1BxTmw+8EFrrnvScU7qoj1MTSnMvViTtmXS42D49JWZ3SFw3g==}
    engines: {node: '>=16.0.0'}
    peerDependencies:
      '@rsbuild/core': ^1.3.21 || ^2.0.0-0
    peerDependenciesMeta:
      '@rsbuild/core':
        optional: true

  '@module-federation/rspack@2.9.2':
    resolution: {integrity: sha512-RobMJ/msRzJ94L9k1CAsPuhed2N2rvHBRBJhtk7t3pK/UoQM95Ks6KAcmVKBrxTVHWMhsKTCatxC7u7X19LYdA==}
    peerDependencies:
      '@rspack/core': ^0.7.0 || ^1.0.0 || ^2.0.0-0
      typescript: ^4.9.0 || ^5.0.0 || ^6.0.0 || ^7.0.0
      vue-tsc: '>=1.0.24'
    peerDependenciesMeta:
      typescript:
        optional: true
      vue-tsc:
        optional: true

  '@module-federation/runtime-core@2.9.2':
    resolution: {integrity: sha512-S9roTDqLtAWaaDBuug69ZnXXGEx0pUq/yG06J759bjRgfAg2P9+dWEv1q7rB2eMIp7HH4L6s3ColDRYdL6tJ9w==}

  '@module-federation/runtime-tools@2.9.2':
    resolution: {integrity: sha512-rhOvimSLLnnocfOVUfAzH2xDq1pHMw4f/nSC+JQhSztEgP/1UslPPvcBcenx3B8/6CoYmBbGa2OIBTJ225ZHAg==}

  '@module-federation/runtime@2.9.2':
    resolution: {integrity: sha512-1lPZVy7TkMTTBMkkjgQt7jA+9FAx226yQqEz+X0lFAIbpxIWfpzNQLD+7IydEe83ZhDJpK3cv/9bn3jjQBZeqQ==}

  '@module-federation/sdk@2.9.2':
    resolution: {integrity: sha512-ILtBFPuYpVcRA/Qay1lJ2hMtZI8fDE/v1n7xiN17e5qx5rSBR3FaamTsmRpN1hIt+gVnoa76CzOP/Y73d8hHNg==}

  '@module-federation/third-party-dts-extractor@2.9.2':
    resolution: {integrity: sha512-FKJVGx+/jIe16RfmwoyIDVMPAttIFJv6AJCLkKf05IRNvI3RJFqQ1tLP1YjcfGuumCbYuWGa4QKnMla7YjVpqg==}

  '@module-federation/webpack-bundler-runtime@2.9.2':
    resolution: {integrity: sha512-dDtWiYcCWWgm/mCS7L4KfDHsyr7HwDRnHHS2bgl1H7RQfH4WAi706gT2hhzmV272PI33V7qJHN7Go1d/BamN0Q==}

  '@napi-rs/wasm-runtime@1.1.6':
    resolution: {integrity: sha512-ZLv/JdUfkvOy9eCnnBaGfiO+XimbjebAeO+MRQqD/B+FR1tnRN0tpKSJHRbE8sFfS6aqsXZ67TQjfwfsxULVbg==}
    peerDependencies:
      '@emnapi/core': ^1.7.1
      '@emnapi/runtime': ^1.7.1

  '@rsbuild/core@2.2.12':
    resolution: {integrity: sha512-SnJ81Jf9ZGms8hUq0FGxrqlUxdHKV76VK9gxrEdtWLbTic+qRt0SIAsk5NdIr1tXFzqzQ6Fqeffs+K1EUuZEHw==}
    engines: {node: ^20.19.0 || >=22.12.0}
    hasBin: true
    peerDependencies:
      core-js: '>= 3.0.0'
    peerDependenciesMeta:
      core-js:
        optional: true

  '@rsbuild/plugin-react@2.1.1':
    resolution: {integrity: sha512-tLtUedsRtTLS6M4VtwzI6aakFLOFdgl9Sh1ZNBWvxb0Te3EnHrppaE7UiYEmDUXQDJ50gfr6yyirtxY5N6moyg==}
    peerDependencies:
      '@rsbuild/core': ^2.0.0
    peerDependenciesMeta:
      '@rsbuild/core':
        optional: true

  '@rspack/binding-darwin-arm64@2.2.8':
    resolution: {integrity: sha512-d6GuY/k7kJk7SOXmruIz0m+2fIXaLv2SnBHEYsbvBzE7ZO6QXq7fSABWFWNnSnNu+brYHA5Dr/skV81bXgTTCw==}
    cpu: [arm64]
    os: [darwin]

  '@rspack/binding-darwin-x64@2.2.8':
    resolution: {integrity: sha512-xCVou/jJASjEAjwy1T3hPJcJqA5QZASJfUwHqEk+nA0v44MagwH8tM8lsOvRfhzR7N2+YFac1rfZOUT8uM3awg==}
    cpu: [x64]
    os: [darwin]

  '@rspack/binding-linux-arm64-gnu@2.2.8':
    resolution: {integrity: sha512-Zy/ss6YAQTjOWKDkcWrbKtu+pySltqT22wn68nlrWKygPWLNmMdU5anlsnwRTIuQ3MF0YJRS42ARauVtlqvRQw==}
    cpu: [arm64]
    os: [linux]
    libc: [glibc]

  '@rspack/binding-linux-arm64-musl@2.2.8':
    resolution: {integrity: sha512-lxgp5O8PhL3St9p82llHoNoeWzp9jltW5S9F00p00XPJZHUIuxbwfLSzn/6Wg86USEmafLoBkyD9CM8rBd3SNQ==}
    cpu: [arm64]
    os: [linux]
    libc: [musl]

  '@rspack/binding-linux-ppc64-gnu@2.2.8':
    resolution: {integrity: sha512-MY+YqpT02tcDCMgHy+IewQsaz7ql4mbJaAqqMlTIqvQwAUl9dXEP7BL352OgCxm9VRebTldE5lK99A3wVd3zqA==}
    cpu: [ppc64]
    os: [linux]
    libc: [glibc]

  '@rspack/binding-linux-riscv64-gnu@2.2.8':
    resolution: {integrity: sha512-wmN9OigSGNGCKY+AOYaWI8LJcIi8qvs5KjueBueCKOnTV6MPIEujA75QZH1pehTTYKvdGv7r2EtUXUmWpn7/SQ==}
    cpu: [riscv64]
    os: [linux]
    libc: [glibc]

  '@rspack/binding-linux-riscv64-musl@2.2.8':
    resolution: {integrity: sha512-ZcQMYR10hLh581zs9MFnFFn0F7wyt5fkDffyukeMHJEoPJrbkfl6cQtsUdpQnZ+mYGYS5KydD1DT9/eMH65jjw==}
    cpu: [riscv64]
    os: [linux]
    libc: [musl]

  '@rspack/binding-linux-s390x-gnu@2.2.8':
    resolution: {integrity: sha512-ahBiE+Ir1FMYvStYicihhSJlS2YRagxtry0jWH8zW287o7C0eiHJ+pteJHHC15T5RJqm0j6w5TuwYe+F9AYxxg==}
    cpu: [s390x]
    os: [linux]
    libc: [glibc]

  '@rspack/binding-linux-x64-gnu@2.2.8':
    resolution: {integrity: sha512-dncEI515NoPXh3zzWk06Rb3mhSV76myiFKqXiJ8K4fVAe5x/RlweMhvPhHhm7RnIMeBld7BeStzOqj38XFsWGA==}
    cpu: [x64]
    os: [linux]
    libc: [glibc]

  '@rspack/binding-linux-x64-musl@2.2.8':
    resolution: {integrity: sha512-pfFyU03PjD0GaQG8zOQOHwq51rrJZetXjTGpMmz7iA1hq/f9lChJsDWrC8/7VXeQLwBofLZlOODqe8OM8OBzgA==}
    cpu: [x64]
    os: [linux]
    libc: [musl]

  '@rspack/binding-wasm32-wasi@2.2.8':
    resolution: {integrity: sha512-3mOJuZTrF56jOh/GD9chLMJKbzPZ6Ty2OIML7+lLz0Yk2XS/xWRfLn85Dmnkb/O6UF65x7+p8VPAIZlBtLTclw==}
    cpu: [wasm32]

  '@rspack/binding-win32-arm64-msvc@2.2.8':
    resolution: {integrity: sha512-Cu/RMZT/16s+67xhl6X1pswetL3GLSQl+LnugKRh08Ul21A/tR7vxC4g4aih4u9k5SXCAngxFUt8zAjKnHIBqA==}
    cpu: [arm64]
    os: [win32]

  '@rspack/binding-win32-ia32-msvc@2.2.8':
    resolution: {integrity: sha512-H/erd6di8OapZhhM0raA/7XduPn9jusfLMeO1XF+AmF9WF3HzHgMjha1j+KwtPgQnaH69w6AhY+G2472VIwQmw==}
    cpu: [ia32]
    os: [win32]

  '@rspack/binding-win32-x64-msvc@2.2.8':
    resolution: {integrity: sha512-BziHSUlIQM0MliCqdcHuBXSkQGtPoHQTXJce7fsgnTAzQFgPeog92qTNezYI4IrQ7pQouyiVJ2HPieUbVPRKQQ==}
    cpu: [x64]
    os: [win32]

  '@rspack/binding@2.2.8':
    resolution: {integrity: sha512-c9flkSua3khHnOKBCRk8BkHGOwU9YB7niv+5JfQXiLZIvJmgKsZ7PD8QrFklMhsJT3oVAc6c9GN7/wy1YkACjA==}

  '@rspack/core@2.2.8':
    resolution: {integrity: sha512-JugsVrnbMGNYzMH++7gR9enygpP/lAo9PbVRq3XmJg0ryIvCpST0XJjBcccaSjYaaPamsjrddihmgVLMFp+yXw==}
    engines: {node: ^20.19.0 || >=22.12.0}
    peerDependencies:
      '@module-federation/runtime-tools': ^0.24.1 || ^2.0.0
      '@swc/helpers': ^0.5.23
    peerDependenciesMeta:
      '@module-federation/runtime-tools':
        optional: true
      '@swc/helpers':
        optional: true

  '@rspack/plugin-react-refresh@2.0.2':
    resolution: {integrity: sha512-dGNZiCxQxgAUI9sah7gd8u+O7OJZRCmqtEJNDOd8xW5RqcieC86F7p5qcShyw6onH5pKf57evpr2VjGbaFGkZg==}
    peerDependencies:
      '@rspack/core': ^2.0.0
      react-refresh: '>=0.10.0 <1.0.0'
    peerDependenciesMeta:
      '@rspack/core':
        optional: true

  '@swc/helpers@0.5.23':
    resolution: {integrity: sha512-5lSsMOTXURePglDfvuAQUqkGek9Hg2kksOYay2m0+XR++b2NWYL/4sWyuvVBIs8oKnJaxkdi9whaL/sqN13afw==}

  '@tanstack/history@1.162.4':
    resolution: {integrity: sha512-utTS5L2OkeYUzXGohL1Z8sefu1GLNOJcxe8Hd6iIdc/Xo1K1nDB2JEp4iSFhvYh33xKC9V91TxrS8qfrpoKobQ==}
    engines: {node: '>=20.19'}

  '@tanstack/react-router@1.170.41':
    resolution: {integrity: sha512-Mpvw8Wm5MGDbTqI8Yc9flLKxbOHwoWocv0H2aGKcgw2a017oK5nZWqa954P+DrUx/8fI98YNywnHP5XcD3tQ9w==}
    engines: {node: '>=20.19'}
    peerDependencies:
      react: '>=18.0.0 || >=19.0.0'
      react-dom: '>=18.0.0 || >=19.0.0'

  '@tanstack/react-store@0.11.2':
    resolution: {integrity: sha512-oj5O5DmiMWE+ih+SioX2ayC1kbK7d3fpLx0B75fPJr9nY3zU+hoW010yr64qXsY/9fyiLVE2bn5mGNV3owm8RQ==}
    peerDependencies:
      react: ^16.8.0 || ^17.0.0 || ^18.0.0 || ^19.0.0
      react-dom: ^16.8.0 || ^17.0.0 || ^18.0.0 || ^19.0.0

  '@tanstack/router-core@1.171.34':
    resolution: {integrity: sha512-X+19pGuuLVPvvAvPYw9v/+ktRk5cCll8AtfpBpOhDRmVgUMrfqze0467xtq8YRVVs/mmo5rVtWn/7Tp32RDBKw==}
    engines: {node: '>=20.19'}

  '@tanstack/store@0.11.2':
    resolution: {integrity: sha512-sJ4mjol8uQsHV0gOJzzjwXfh2Fwm+Sz0+8deqiTm4jGbMdjzNSW+xZCFm0kUa870uhd8yi+DpKnZb5Kc4apa0Q==}

  '@toon-format/toon@4.4.0':
    resolution: {integrity: sha512-A6UcsVoWbNdhdLNhJbe6JpRlocmf/DZGG57fur3bd8oQtsjBaKWo2hHbOU2zTuy+byUmLIOyP1xJeitopCZzpQ==}

  '@tybys/wasm-util@0.10.4':
    resolution: {integrity: sha512-W3c4gRigFS0T/Ma4qIYF3GDAc5AQdHb1yL5znJT1Zv1YaD9Kitx656wBjvr19qbiosmZT8lWDM5BEMynUqX65A==}

  '@types/json-schema@7.0.15':
    resolution: {integrity: sha512-5+fP8P8MFNC+AyZCDxrB2pkZFPGzqQWUzpSeuuVLvm8VMcorNYavBqoFcxK8bQz4Qsbn4oUEEem4wDLfcysGHA==}

  '@types/react-dom@19.3.0':
    resolution: {integrity: sha512-ZI7bU42mZXXKHn/qNLEw2IrbiINU7X5+vfgdixBHkCNpYWXjKgfQ/P+uyGb5CjOLB9UcnTeg3rylQtV2hym44Q==}
    peerDependencies:
      '@types/react': ^19.3.0

  '@types/react@19.3.0':
    resolution: {integrity: sha512-N0rFCuH9YoxG9/m61l9MfpJKfmLOVU0em7ipIz6TRgSSkvReLB9vL85GB+yr8Bs5leqpvg96JSwF4ZS1s4viQg==}

  adm-zip@0.6.1:
    resolution: {integrity: sha512-Xwrja8nx9e5o2N1my4DsKCeKpdrnACyr1wtbPxBDgGzKzKyE9kRtBFA8mWldI+RVlD7CBZNWY/wQ2+ydwOR6kQ==}
    engines: {node: '>=14.0'}

  agent-base@6.0.2:
    resolution: {integrity: sha512-RZNwNclF7+MS/8bDg70amg32dyeZGZxiDuQmZxKLAlQjr3jGyLx+4Kkk58UO7D2QdgFIQCovuSuZESne6RG6XQ==}
    engines: {node: '>= 6.0.0'}

  agent-base@9.0.0:
    resolution: {integrity: sha512-TQf59BsZnytt8GdJKLPfUZ54g/iaUL2OWDSFCCvMOhsHduDQxO8xC4PNeyIkVcA5KwL2phPSv0douC0fgWzmnA==}
    engines: {node: '>= 20'}

  ajv-formats@2.1.1:
    resolution: {integrity: sha512-Wx0Kx52hxE7C18hkMEggYlEifqWZtYaRgouJor+WMdPnQyEK13vgEWyVNup7SoeeoLMsr4kf5h6dOW11I15MUA==}
    peerDependencies:
      ajv: ^8.0.0
    peerDependenciesMeta:
      ajv:
        optional: true

  ajv-keywords@5.1.0:
    resolution: {integrity: sha512-YCS/JNFAUyr5vAuhk1DWm1CBxRHW9LbJ2ozWeemrIqpbsqKjHVxYPyi5GC0rjZIT5JxJ3virVTS8wk4i/Z+krw==}
    peerDependencies:
      ajv: ^8.8.2

  ajv@8.20.0:
    resolution: {integrity: sha512-Thbli+OlOj+iMPYFBVBfJ3OmCAnaSyNn4M1vz9T6Gka5Jt9ba/HIR56joy65tY6kx/FCF5VXNB819Y7/GUrBGA==}

  asynckit@0.4.0:
    resolution: {integrity: sha512-Oei9OH4tRh0YqU3GxhX79dM/mwVgvbZJaSNaRk+bshkj0S5cfHcgYakreBjrHwatXKbz+IoIdYLxrKim2MjW0Q==}

  axios@1.20.0:
    resolution: {integrity: sha512-r8aOh8j9cGKpgQAqpzrUHnSIc6a59Y3Xf/cv8sy1DrHCkZHzQGEuoq1tARk6qSyDdtQGSDgpb9kFlruzPvrgwg==}

  bundle-name@4.1.1:
    resolution: {integrity: sha512-DdH81/zPLVS11EUgWq3tEu/xn+EzljlMYooDNdzWEnFha3R3NBMpMV1UqYIpjYHV/SgpFKMIX1Oh7o06SjM/oA==}
    engines: {node: '>=18'}

  call-bind-apply-helpers@1.0.2:
    resolution: {integrity: sha512-Sp1ablJ0ivDkSzjcaJdxEunN5/XvksFJ2sMBFfq6x0ryhQV/2b/KwFe21cMpmHtPOSij8K99/wSfoEuTObmuMQ==}
    engines: {node: '>= 0.4'}

  ci-info@4.4.0:
    resolution: {integrity: sha512-77PSwercCZU2Fc4sX94eF8k8Pxte6JAwL4/ICZLFjJLqegs7kCuAsqqj/70NQF6TvDpgFjkubQB2FW2ZZddvQg==}
    engines: {node: '>=8'}

  combined-stream@1.0.8:
    resolution: {integrity: sha512-FQN4MRfuJeHf7cBbBMJFXhKSDq+2kAArBlmRBvcvFE5BB1HZKXtSFASDhdlz9zOYwxh8lDdnvmMOe/+5cdoEdg==}
    engines: {node: '>= 0.8'}

  commander@11.1.0:
    resolution: {integrity: sha512-yPVavfyCcRhmorC7rWlkHn15b4wDVgVmBA7kV4QVBsF7kv/9TKJAbAXVTxvTnwP8HHKjRCJDClKbciiYS7p0DQ==}
    engines: {node: '>=16'}

  cookie-es@3.1.1:
    resolution: {integrity: sha512-UaXxwISYJPTr9hwQxMFYZ7kNhSXboMXP+Z3TRX6f1/NyaGPfuNUZOWP1pUEb75B2HjfklIYLVRfWiFZJyC6Npg==}

  csstype@3.2.3:
    resolution: {integrity: sha512-z1HGKcYy2xA8AGQfwrn0PAy+PB7X/GSj3UVJW9qKyn43xWa+gl5nXmU4qqLMRzWVLFC8KusUX8T/0kCiOYpAIQ==}

  debug@4.4.3:
    resolution: {integrity: sha512-RGwwWnwQvkVfavKVt22FGLw+xYSdzARwm0ru6DhTVA3umU5hZc28V3kO4stgYryrTlLpuvgI9GiijltAjNbcqA==}
    engines: {node: '>=6.0'}
    peerDependencies:
      supports-color: '*'
    peerDependenciesMeta:
      supports-color:
        optional: true

  default-browser-id@5.0.1:
    resolution: {integrity: sha512-x1VCxdX4t+8wVfd1so/9w+vQ4vx7lKd2Qp5tDRutErwmR85OgmfX7RlLRMWafRMY7hbEiXIbudNrjOAPa/hL8Q==}
    engines: {node: '>=18'}

  default-browser@5.5.1:
    resolution: {integrity: sha512-m1pAzaJgZ/gssEqlOhJkPJp8Xly7QyW6xcrkUa2KKcDeDSEMP7X8xipU3snUcfisTQx0w1AGae+9UtJSfVnXGw==}
    engines: {node: '>=18'}

  define-lazy-prop@3.0.0:
    resolution: {integrity: sha512-N+MeXYoqr3pOgn8xfyRPREN7gHakLYjhsHhWGT3fWAiL4IkAt0iDw14QiiEm2bE30c5XX5q0FtAA3CK5f9/BUg==}
    engines: {node: '>=12'}

  delayed-stream@1.0.0:
    resolution: {integrity: sha512-ZySD7Nf91aLB0RxL4KGrKHBXl7Eds1DAmEdcoVawXnLD7SDhpNgtuII2aAkg7a7QS41jxPSZ17p4VdGnMHk3MQ==}
    engines: {node: '>=0.4.0'}

  dunder-proto@1.0.1:
    resolution: {integrity: sha512-KIN/nDJBQRcXw0MLVhZE9iQHmG68qAVIBg9CqmUYjmQIhgij9U5MFvrqkUL5FbtyyzZuOeOt0zdeRe4UY7ct+A==}
    engines: {node: '>= 0.4'}

  encoding@0.1.13:
    resolution: {integrity: sha512-ETBauow1T35Y/WZMkio9jiM0Z5xjHHmJ4XmjZOq1l/dXz3lr2sRn87nJy20RupqSh1F2m3HHPSp8ShIPQJrJ3A==}

  es-define-property@1.0.1:
    resolution: {integrity: sha512-e3nRfgfUZ4rNGL232gUgX06QNyyez04KdjFrF+LTRoOXmrOgFKDg4BCdsjW8EnT69eqdYGmRpJwiPVYNrCaW3g==}
    engines: {node: '>= 0.4'}

  es-errors@1.3.0:
    resolution: {integrity: sha512-Zf5H2Kxt2xjTvbJvP2ZWLEICxA6j+hAmMzIlypy4xcBg1vKVnx89Wy0GbS+kf5cwCVFFzdCFh2XSCFNULS6csw==}
    engines: {node: '>= 0.4'}

  es-object-atoms@1.1.2:
    resolution: {integrity: sha512-HWcBoN6NileqtSydK2FqHbS/LoDd2pqrnQHLyJzBj4kOp/ky2MWMN694xOfkK8/SnUsW2DH7EfyVlydKCsm1Zw==}
    engines: {node: '>= 0.4'}

  es-set-tostringtag@2.1.0:
    resolution: {integrity: sha512-j6vWzfrGVfyXxge+O0x5sh6cvxAog0a/4Rdd2K36zCMV5eJ+/+tOAngRO8cODMNWbVRdVlmGZQL2YS3yR8bIUA==}
    engines: {node: '>= 0.4'}

  eventsource-parser@4.1.1:
    resolution: {integrity: sha512-zaWNqeSLeyzEAAt2Q6aDBRDRk/VnPmsKqvToyGvv6aahvLv71A4Jw7jG93Hckf11zXurbqgsffvpSgKPoeU1Qw==}
    engines: {node: '>=22.12'}

  eventsource@5.1.2:
    resolution: {integrity: sha512-VJnwqqp+fOT3WDkjnUy49Zuyh48+kH0JdJApZkslrRQyx35zIZJeJYJl0+a+LrTzh5TFv6MdmXnBDv71UXFyWQ==}
    engines: {node: '>=22.12.0'}

  fast-deep-equal@3.1.3:
    resolution: {integrity: sha512-f3qQ9oQy9j2AhBe/H9VC91wLmKBCCU/gDOnKNAYG5hswO7BLKj09Hc5HYNz9cGI++xlpDCIgDaitVs03ATR84Q==}

  fast-uri@3.1.8:
    resolution: {integrity: sha512-GZMtZUTNRpOVIECoXwLNZS5xUGE+mVNbTB8h/7Rwh2TFWcBQiPzTgyZi05BF9UMZKkLJv8XBRJTlU7zg8+ZfMg==}

  follow-redirects@1.16.1:
    resolution: {integrity: sha512-FNvFGzoMLWmE6Yj9spb/zjd7yiNCHiAW9/Tg9CXrQ8wuu32HtlJOwWO11OJafl5FfY3DxTdQ0vj42zU1kvv5jg==}
    engines: {node: '>=4.0'}
    peerDependencies:
      debug: '*'
    peerDependenciesMeta:
      debug:
        optional: true

  form-data@4.0.6:
    resolution: {integrity: sha512-vKatAh4SlVfgbv+YtmhiRjhEMJsYpsG1Y2rMQtR+SVSbytsSD1YGzDIcrAJmdFec88u/+VoGmxnl+80gL1tRCQ==}
    engines: {node: '>= 6'}

  function-bind@1.1.2:
    resolution: {integrity: sha512-7XHNxH7qX9xG5mIwxkhumTox/MIRNcOgDrxWsMt2pAr23WHp6MrRlN7FBSFpCpr+oVO0F744iUgR82nJMfG2SA==}

  get-intrinsic@1.3.0:
    resolution: {integrity: sha512-9fSjSaos/fRIVIp+xSJlE6lfwhES7LNtKaCBIamHsjr2na1BiABJPo0mOjjz8GJDURarmCPGqaiVg5mfjb98CQ==}
    engines: {node: '>= 0.4'}

  get-proto@1.0.1:
    resolution: {integrity: sha512-sTSfBjoXBp89JvIKIefqw7U2CCebsc74kiY6awiGogKtoSGbgjYE/G/+l9sF3MWFPNc9IcoOC4ODfKHfxFmp0g==}
    engines: {node: '>= 0.4'}

  gopd@1.2.0:
    resolution: {integrity: sha512-ZUKRh6/kUFoAiTAtTYPZJ3hw9wNxx+BIBOijnlG9PnrJsCcSjs1wyyD6vJpaYtgnzDrKYRSqf3OO6Rfa93xsRg==}
    engines: {node: '>= 0.4'}

  graceful-fs@4.2.11:
    resolution: {integrity: sha512-RbJ5/jmFcNNCcDV5o9eTnBLJ/HszWV0P73bc+Ff4nS/rJj+YaS6IGyiOL0VoBYX+l1Wrl3k63h/KrH+nhJ0XvQ==}

  has-symbols@1.1.0:
    resolution: {integrity: sha512-1cDNdwJ2Jaohmb3sg4OmKaMBwuC48sYni5HUw2DvsC8LjGTLK9h+eb1X6RyuOHe4hT0ULCW68iomhjUoKUqlPQ==}
    engines: {node: '>= 0.4'}

  has-tostringtag@1.0.2:
    resolution: {integrity: sha512-NqADB8VjPFLM2V0VvHUewwwsw0ZWBaIdgo+ieHtK3hasLz4qeCRjYcqfB6AQrBggRKppKF8L52/VqdVsO47Dlw==}
    engines: {node: '>= 0.4'}

  hasown@2.0.4:
    resolution: {integrity: sha512-T2UbfbBEF32wiepXIsMlTW9+dDYC6wMh/t/vYA4tuOMKqWz/n3vr1NFSxQiyP+zk2mXsoMA/i/7qV6LKut1t1A==}
    engines: {node: '>= 0.4'}

  https-proxy-agent@5.0.1:
    resolution: {integrity: sha512-dFcAjpTQFgoLMzC2VwU+C/CbS7uRL0lWmxDITmqm7C+7F0Odmj6s9l6alZc6AELXhrnggM2CeWSXHGOdX2YtwA==}
    engines: {node: '>= 6'}

  https-proxy-agent@9.1.0:
    resolution: {integrity: sha512-ag87y7cJJ9/3+GxFr8Oy4O5faDsGRGnBGsJj/YjOSsSx/5eadKLYTMPlzuR6obgoCDDm0abAAZitXXQkMOPSpA==}
    engines: {node: '>= 20'}

  iconv-lite@0.6.3:
    resolution: {integrity: sha512-4fCk79wshMdzMp2rH06qWrJE4iolqLhCUH+OiuIgU++RB0+94NlDL81atO7GX55uUKueo0txHNtvEyI6D7WdMw==}
    engines: {node: '>=0.10.0'}

  is-docker@3.0.0:
    resolution: {integrity: sha512-eljcgEDlEns/7AXFosB5K/2nCM4P7FQPkGc/DWLy5rmFEWvZayGrik1d9/QIY5nJ4f9YsVvBkA6kJpHn9rISdQ==}
    engines: {node: ^12.20.0 || ^14.13.1 || >=16.0.0}
    hasBin: true

  is-in-ssh@1.0.0:
    resolution: {integrity: sha512-jYa6Q9rH90kR1vKB6NM7qqd1mge3Fx4Dhw5TVlK1MUBqhEOuCagrEHMevNuCcbECmXZ0ThXkRm+Ymr51HwEPAw==}
    engines: {node: '>=20'}

  is-inside-container@1.0.0:
    resolution: {integrity: sha512-KIYLCCJghfHZxqjYBE7rEy0OBuTd5xCHS7tHVgvCLkx7StIoaxwNW3hCALgEUjFfeRk+MG/Qxmp/vtETEF3tRA==}
    engines: {node: '>=14.16'}
    hasBin: true

  is-wsl@3.1.1:
    resolution: {integrity: sha512-e6rvdUCiQCAuumZslxRJWR/Doq4VpPR82kqclvcS0efgt430SlGIk05vdCN58+VrzgtIcfNODjozVielycD4Sw==}
    engines: {node: '>=16'}

  isbot@5.2.2:
    resolution: {integrity: sha512-iQcBXcd+Rv/pkubRyGh2utW2j1oPG5hZY6TUhVPpqK4G+o3IbxpJNx04hgksjc/N7GK5pEorUxDeg31cFgEk/w==}
    engines: {node: '>=18'}

  isomorphic-ws@5.0.0:
    resolution: {integrity: sha512-muId7Zzn9ywDsyXgTIafTry2sV3nySZeUDe6YedVd1Hvuuep5AsIlqK+XefWpYTyJG5e503F2xIuT2lcU6rCSw==}
    peerDependencies:
      ws: '*'

  jiti@2.4.2:
    resolution: {integrity: sha512-rg9zJN+G4n2nfJl5MW3BMygZX56zKPNVEYYqq7adpmMh4Jn2QNEwhvQlFy6jPVdcod7txZtKHWnyZiA3a0zP7A==}
    hasBin: true

  jiti@2.7.0:
    resolution: {integrity: sha512-AC/7JofJvZGrrneWNaEnJeOLUx+JlGt7tNa0wZiRPT4MY1wmfKjt2+6O2p2uz2+skll8OZZmJMNqeke7kKbNgQ==}
    hasBin: true

  jose@6.2.12:
    resolution: {integrity: sha512-9NiFmJEex0sy2Dk58j2UGBSHgUs2ypF9eZSu4L6vjOX3Dp96Sw1F3uL+H+D1sx02jZZdzUT0HgvCy59CuvXcWw==}

  json-schema-traverse@1.0.0:
    resolution: {integrity: sha512-NM8/P9n3XjXhIZn1lLhkFaACTOURQXjWhV4BA/RnOv8xvgqtqpAX9IO4mRQxSx1Rlo4tqzeqb0sOlruaOy3dug==}

  math-intrinsics@1.1.0:
    resolution: {integrity: sha512-/IXtbwEk5HTPyEwyKX6hGkYXxM9nbj64B+ilVJnC/R6B0pH5G4V3b0pVbL7DBj4tkhBAppbQUlf6F6Xl9LHu1g==}
    engines: {node: '>= 0.4'}

  mime-db@1.52.0:
    resolution: {integrity: sha512-sPU4uV7dYlvtWJxwwxHD0PuihVNiE7TyAbQ5SWxDCB9mUYvOgroQOwYQQOKPJ8CIbE+1ETVlOoK1UC2nU3gYvg==}
    engines: {node: '>= 0.6'}

  mime-types@2.1.35:
    resolution: {integrity: sha512-ZDY+bPm5zTTF+YpCrAU9nK0UgICYPT0QtT1NZWFv4s++TNkcgVaT0g6+4R2uI4MjQjzysHB1zxuWL50hzaeXiw==}
    engines: {node: '>= 0.6'}

  ms@2.1.3:
    resolution: {integrity: sha512-6FlzubTLZG3J2a/NVCAleEhjzq5oxgHyaCU9yYXvcLsvoVaHJq/s5xXI6/XXP6tz7R9xAOtHnSO/tXtF3WRTlA==}

  node-fetch@2.7.0:
    resolution: {integrity: sha512-c4FRfUm/dbcWZ7U+1Wq0AwCyFL+3nt2bEw05wfxSz+DWpWsitgmSgYmy2dQdWyKC1694ELPqMs/YzUSNozLt8A==}
    engines: {node: 4.x || >=6.0.0}
    peerDependencies:
      encoding: ^0.1.0
    peerDependenciesMeta:
      encoding:
        optional: true

  open@11.0.4:
    resolution: {integrity: sha512-++Zlftm0kVLPmzC06t6epuWmcRMDbI4z5P3NNX979WA/k23+NtSOynEGzsVfZwguKw2mi5umVgnBlJQMwRz4Pg==}
    engines: {node: '>=20'}

  powershell-utils@0.2.1:
    resolution: {integrity: sha512-C+y9x90UElAddDZmV4qOx9W53B61PO7cIqWz2dQsWlwswuq4mr8NEwytdGKboYbQlGZ3awrkTeNvcZiZNHnQ8A==}
    engines: {node: '>=20'}

  proxy-agent-negotiate@1.1.0:
    resolution: {integrity: sha512-N8IBcM3UgCVzz2L2Lqv8DVntDnnC8/hiV4nEDUPkqq72TPUgYWjQc+bdZlBPZK9LzPAvOY//gAt0S0DApoOXWQ==}
    engines: {node: '>= 20'}
    peerDependencies:
      kerberos: ^2.0.0
    peerDependenciesMeta:
      kerberos:
        optional: true

  proxy-from-env@2.1.0:
    resolution: {integrity: sha512-cJ+oHTW1VAEa8cJslgmUZrc+sjRKgAKl3Zyse6+PV38hZe/V6Z14TbCuXcan9F9ghlz4QrFr2c92TNF82UkYHA==}
    engines: {node: '>=10'}

  react-dom@19.3.0:
    resolution: {integrity: sha512-JDk8dgif51OjFoDE70+OT9ICyYr+69HlmihNwp1+Nsfbna3t5sIiCa9ZJktDmQ4/1b/rn26hIAR2uYXDMr5r0Q==}
    peerDependencies:
      react: ^19.3.0

  react-refresh@0.19.0:
    resolution: {integrity: sha512-5HdstYgoJBbBofjapO5qCPcovECJCBfvjLb+iTcsmqDFVMRdqy0qs7iiInBJTUXmIFc2bjoc5b2HVLp2zRtYhQ==}
    engines: {node: '>=0.10.0'}

  react@19.3.0:
    resolution: {integrity: sha512-E8LUcbtBWt20bbl2YoHfx4ZDBdxVTfOKtCZn9cDSJ4l6/nuoApcpIBcj47t2wZoVX8g2ZHuMHbiShgCR1T5Sog==}
    engines: {node: '>=0.10.0'}

  require-from-string@2.0.2:
    resolution: {integrity: sha512-Xf0nWe6RseziFMu+Ap9biiUbmplq6S9/p+7w7YXP/JBHhrUDDUhwa+vANyubuqfZWTveU//DYVGsDG7RKL/vEw==}
    engines: {node: '>=0.10.0'}

  retry@0.13.1:
    resolution: {integrity: sha512-XQBQ3I8W1Cge0Seh+6gjj03LbmRFWuoszgK9ooCpwYIrhhoO80pfq4cUkU5DkknwfOfFteRwlZ56PYOGYyFWdg==}
    engines: {node: '>= 4'}

  run-applescript@7.1.0:
    resolution: {integrity: sha512-DPe5pVFaAsinSaV6QjQ6gdiedWDcRCbUuiQfQa2wmWV7+xC9bGulGI8+TdRmoFkAPaBXk8CrAbnlY2ISniJ47Q==}
    engines: {node: '>=18'}

  safer-buffer@2.1.2:
    resolution: {integrity: sha512-YZo3K82SD7Riyi0E1EQPojLz7kpepnSQI9IyPbHHg1XXXevb5dJI7tpyN2ADxGcQbHG7vcyRHk0cbwqcQriUtg==}

  scheduler@0.28.0:
    resolution: {integrity: sha512-juorfCmIkIw8tT+p5BXSm6PJjQF/ycEYmKyzURCIt/RaZIhL+PulbQ9Yu2z1HdOJDdqDTlxA1+xKBmHXJsczAw==}

  schema-utils@4.3.0:
    resolution: {integrity: sha512-Gf9qqc58SpCA/xdziiHz35F4GNIWYWZrEshUc/G/r5BnLph6xpKuLeoJoQuj5WfBIx/eQLf+hmVPYHaxJu7V2g==}
    engines: {node: '>= 10.13.0'}

  seroval-plugins@1.6.9:
    resolution: {integrity: sha512-kiDK/Tb8IWZ61WEU8pA2PDmAuw37gKph9Y77OZlD56mg0Y2g0Bg7gZ1HeHhs5d40w+nRoUq/wj08V26ilbez9g==}
    engines: {node: '>=10'}
    peerDependencies:
      seroval: ^1.0

  seroval@1.6.9:
    resolution: {integrity: sha512-UeEzHwAK+yl0YLbsvROV1t5yMYEwZZ0CfKYxDvUgS2fO9Vxdf8djqVIB+OuVpuawRNPqw68LE1Du/GMsW2ZPqA==}
    engines: {node: '>=10'}

  signal-exit@3.0.7:
    resolution: {integrity: sha512-wnD2ZE+l+SPC/uoS0vXeE9L1+0wuaMqKlfz9AMUo38JsyLSBWSFcHR1Rri62LZc12vLr1gb3jl7iwQhgwpAbGQ==}

  tapable@2.3.0:
    resolution: {integrity: sha512-g9ljZiwki/LfxmQADO3dEY1CbpmXT5Hm2fJ+QaGKwSXUylMybePR7/67YW7jOrrvjEgL1Fmz5kzyAjWVWLlucg==}
    engines: {node: '>=6'}

  tr46@0.0.3:
    resolution: {integrity: sha512-N3WMsuqV66lT30CrXNbEjx4GEwlow3v6rr4mCcv6prnfwhS01rkgyFdjPNBYd9br7LpXV1+Emh01fHnq2Gdgrw==}

  tslib@2.8.1:
    resolution: {integrity: sha512-oJFu94HQb+KVduSUQL7wnpmqnfmLsOA/nAh6b6EH0wCEoK0/mPeXU6c3wKDV83MkOuHPRHtSXKKU99IBazS/2w==}

  typescript@5.9.3:
    resolution: {integrity: sha512-jl1vZzPDinLr9eUt3J/t7V6FgNEw9QjvBPdysz9KfQDD41fQrC2Y4vKQdiaUpFT4bXlb1RHhLpp8wtm6M5TgSw==}
    engines: {node: '>=14.17'}
    hasBin: true

  undici@7.29.1:
    resolution: {integrity: sha512-RYONW2MeafgYlkVOKYKkA/Ag7BmXqgIWCa8t1m0JcxrQg9pI9lEqRhAOruOBCbAohOa/gkCF+iPi9hrgvTzu6Q==}
    engines: {node: '>=20.18.1'}

  use-sync-external-store@1.7.0:
    resolution: {integrity: sha512-6L+EeigHMQhdaIPNIFUKwfWJSwWFQ8gJbJ2DLOs5sDIegTwR9fRxvnM3uciHKjIZhFz+KAv2emhWMRvDmMcY8A==}
    peerDependencies:
      react: ^16.8.0 || ^17.0.0 || ^18.0.0 || ^19.0.0

  webidl-conversions@3.0.1:
    resolution: {integrity: sha512-2JAn3z8AR6rjK8Sm8orRC0h/bcl/DqL7tRPdGZ4I1CjdF+EaMLmYxBHyXuKL849eucPFhvBoxMsflfOb8kxaeQ==}

  whatwg-url@5.0.0:
    resolution: {integrity: sha512-saE57nupxk6v3HY35+jzBwYa0rKSy0XR8JSxZPwgLr7ys0IBzhGviA1/TUGJLmSVqs8pb9AnvICXEuOHLprYTw==}

  ws@8.21.3:
    resolution: {integrity: sha512-201TZ/kPWxoPr/OKWjquZR1SWKXcvxdH+e1xrx89b3YbmzLMFCLfnaG1HFIgWzJOEWZ7MvpK++odZufgYR50Rw==}
    engines: {node: '>=10.0.0'}
    peerDependencies:
      bufferutil: ^4.0.1
      utf-8-validate: '>=5.0.2'
    peerDependenciesMeta:
      bufferutil:
        optional: true
      utf-8-validate:
        optional: true

  wsl-utils@1.0.1:
    resolution: {integrity: sha512-c16PKLIRxBYpR3jSWsdS7SFp0COm5SOQdiFjY818dYFHJbMGuLBszpF07LBWmOS1uzrHa9VGdynsEgoeKy0oOQ==}
    engines: {node: '>=20'}

  zephyr-agent@1.6.0:
    resolution: {integrity: sha512-BPs3XoWUWTa+EOPupDHQPnDgxoP4XItDqIpm47KRYBa3mFSsu5FybLQp9KBmKHgUfRY0W4x8WbKkretHdFmlwA==}

  zephyr-edge-contract@1.6.0:
    resolution: {integrity: sha512-zNnXTyNx8OJEtLM70hbuk9cyGZiNiPftgWox78AlDTflglug8XUs57FdIlfy5JWcMqzQ8eo+MtqBixv9ITbz2g==}

  zephyr-rsbuild-plugin@1.6.0:
    resolution: {integrity: sha512-s54lZnFaLYpJ5IYmjPdMNEGIvcKfzCT/BTtViQXrgCP/ieVRp9xm5IJ6tYqs/ugyPrmNTd1lXaMkhESF86iGqA==}
    peerDependencies:
      '@rsbuild/core': ^1.0.0 || ^2.0.0-0

  zephyr-rspack-plugin@1.6.0:
    resolution: {integrity: sha512-t4BVX3LWLBvt6nldF0xlm++J5KUhzYdndNi+S9Jj78BKMcwLkHCC3EE07gPMsRDkZqptPR9cfqM771T3d2sGSg==}
    peerDependencies:
      '@rspack/core': ^1.0.0 || ^2.0.0-0

  zephyr-xpack-internal@1.6.0:
    resolution: {integrity: sha512-CkTS3VSuVfo10a8G0vX4kAIs/qLQ2UkcK/Ts5Vvpr6N0I2j0xkt13rtCNZS2GiVd2y7d4SqAHbCEqwBeAqw2Nw==}

snapshots:

  '@bybrave/proper-lockfile2@5.0.0':
    dependencies:
      graceful-fs: 4.2.11
      retry: 0.13.1
      signal-exit: 3.0.7

  '@emnapi/core@1.11.3':
    dependencies:
      '@emnapi/wasi-threads': 1.2.3
      tslib: 2.8.1
    optional: true

  '@emnapi/runtime@1.11.3':
    dependencies:
      tslib: 2.8.1
    optional: true

  '@emnapi/wasi-threads@1.2.3':
    dependencies:
      tslib: 2.8.1
    optional: true

  '@module-federation/bridge-react-webpack-plugin@2.9.2':
    dependencies:
      '@module-federation/sdk': 2.9.2

  '@module-federation/cli@2.9.2(typescript@5.9.3)':
    dependencies:
      '@module-federation/dts-plugin': 2.9.2(typescript@5.9.3)
      '@module-federation/sdk': 2.9.2
      commander: 11.1.0
      jiti: 2.4.2
    transitivePeerDependencies:
      - bufferutil
      - typescript
      - utf-8-validate
      - vue-tsc

  '@module-federation/dts-plugin@2.9.2(typescript@5.9.3)':
    dependencies:
      '@module-federation/error-codes': 2.9.2
      '@module-federation/managers': 2.9.2
      '@module-federation/sdk': 2.9.2
      '@module-federation/third-party-dts-extractor': 2.9.2
      adm-zip: 0.6.1
      isomorphic-ws: 5.0.0(ws@8.21.3)
      typescript: 5.9.3
      undici: 7.29.1
      ws: 8.21.3
    transitivePeerDependencies:
      - bufferutil
      - utf-8-validate

  '@module-federation/enhanced@2.9.2(@rspack/core@2.2.8(@module-federation/runtime-tools@2.9.2)(@swc/helpers@0.5.23))(typescript@5.9.3)':
    dependencies:
      '@module-federation/bridge-react-webpack-plugin': 2.9.2
      '@module-federation/cli': 2.9.2(typescript@5.9.3)
      '@module-federation/dts-plugin': 2.9.2(typescript@5.9.3)
      '@module-federation/error-codes': 2.9.2
      '@module-federation/inject-external-runtime-core-plugin': 2.9.2(@module-federation/runtime-tools@2.9.2)
      '@module-federation/managers': 2.9.2
      '@module-federation/manifest': 2.9.2(typescript@5.9.3)
      '@module-federation/rspack': 2.9.2(@rspack/core@2.2.8(@module-federation/runtime-tools@2.9.2)(@swc/helpers@0.5.23))(typescript@5.9.3)
      '@module-federation/runtime-tools': 2.9.2
      '@module-federation/sdk': 2.9.2
      '@module-federation/webpack-bundler-runtime': 2.9.2
      schema-utils: 4.3.0
      tapable: 2.3.0
    optionalDependencies:
      typescript: 5.9.3
    transitivePeerDependencies:
      - '@rspack/core'
      - bufferutil
      - utf-8-validate

  '@module-federation/error-codes@2.9.2': {}

  '@module-federation/inject-external-runtime-core-plugin@2.9.2(@module-federation/runtime-tools@2.9.2)':
    dependencies:
      '@module-federation/runtime-tools': 2.9.2

  '@module-federation/managers@2.9.2':
    dependencies:
      '@module-federation/sdk': 2.9.2

  '@module-federation/manifest@2.9.2(typescript@5.9.3)':
    dependencies:
      '@module-federation/dts-plugin': 2.9.2(typescript@5.9.3)
      '@module-federation/managers': 2.9.2
      '@module-federation/sdk': 2.9.2
    transitivePeerDependencies:
      - bufferutil
      - typescript
      - utf-8-validate
      - vue-tsc

  '@module-federation/node@2.7.52(@rspack/core@2.2.8(@module-federation/runtime-tools@2.9.2)(@swc/helpers@0.5.23))(typescript@5.9.3)':
    dependencies:
      '@module-federation/enhanced': 2.9.2(@rspack/core@2.2.8(@module-federation/runtime-tools@2.9.2)(@swc/helpers@0.5.23))(typescript@5.9.3)
      '@module-federation/runtime': 2.9.2
      '@module-federation/sdk': 2.9.2
      encoding: 0.1.13
      node-fetch: 2.7.0(encoding@0.1.13)
      tapable: 2.3.0
    transitivePeerDependencies:
      - '@rspack/core'
      - bufferutil
      - typescript
      - utf-8-validate
      - vue-tsc

  '@module-federation/rsbuild-plugin@2.9.2(@rsbuild/core@2.2.12(@module-federation/runtime-tools@2.9.2))(@rspack/core@2.2.8(@module-federation/runtime-tools@2.9.2)(@swc/helpers@0.5.23))(typescript@5.9.3)':
    dependencies:
      '@module-federation/enhanced': 2.9.2(@rspack/core@2.2.8(@module-federation/runtime-tools@2.9.2)(@swc/helpers@0.5.23))(typescript@5.9.3)
      '@module-federation/node': 2.7.52(@rspack/core@2.2.8(@module-federation/runtime-tools@2.9.2)(@swc/helpers@0.5.23))(typescript@5.9.3)
      '@module-federation/sdk': 2.9.2
    optionalDependencies:
      '@rsbuild/core': 2.2.12(@module-federation/runtime-tools@2.9.2)
    transitivePeerDependencies:
      - '@rspack/core'
      - bufferutil
      - typescript
      - utf-8-validate
      - vue-tsc
      - webpack

  '@module-federation/rspack@2.9.2(@rspack/core@2.2.8(@module-federation/runtime-tools@2.9.2)(@swc/helpers@0.5.23))(typescript@5.9.3)':
    dependencies:
      '@module-federation/bridge-react-webpack-plugin': 2.9.2
      '@module-federation/dts-plugin': 2.9.2(typescript@5.9.3)
      '@module-federation/inject-external-runtime-core-plugin': 2.9.2(@module-federation/runtime-tools@2.9.2)
      '@module-federation/managers': 2.9.2
      '@module-federation/manifest': 2.9.2(typescript@5.9.3)
      '@module-federation/runtime-tools': 2.9.2
      '@module-federation/sdk': 2.9.2
      '@rspack/core': 2.2.8(@module-federation/runtime-tools@2.9.2)(@swc/helpers@0.5.23)
    optionalDependencies:
      typescript: 5.9.3
    transitivePeerDependencies:
      - bufferutil
      - utf-8-validate

  '@module-federation/runtime-core@2.9.2':
    dependencies:
      '@module-federation/error-codes': 2.9.2
      '@module-federation/sdk': 2.9.2

  '@module-federation/runtime-tools@2.9.2':
    dependencies:
      '@module-federation/runtime': 2.9.2
      '@module-federation/webpack-bundler-runtime': 2.9.2

  '@module-federation/runtime@2.9.2':
    dependencies:
      '@module-federation/error-codes': 2.9.2
      '@module-federation/runtime-core': 2.9.2
      '@module-federation/sdk': 2.9.2

  '@module-federation/sdk@2.9.2': {}

  '@module-federation/third-party-dts-extractor@2.9.2': {}

  '@module-federation/webpack-bundler-runtime@2.9.2':
    dependencies:
      '@module-federation/error-codes': 2.9.2
      '@module-federation/runtime': 2.9.2
      '@module-federation/sdk': 2.9.2

  '@napi-rs/wasm-runtime@1.1.6(@emnapi/core@1.11.3)(@emnapi/runtime@1.11.3)':
    dependencies:
      '@emnapi/core': 1.11.3
      '@emnapi/runtime': 1.11.3
      '@tybys/wasm-util': 0.10.4
    optional: true

  '@rsbuild/core@2.2.12(@module-federation/runtime-tools@2.9.2)':
    dependencies:
      '@rspack/core': 2.2.8(@module-federation/runtime-tools@2.9.2)(@swc/helpers@0.5.23)
      '@swc/helpers': 0.5.23
    transitivePeerDependencies:
      - '@module-federation/runtime-tools'

  '@rsbuild/plugin-react@2.1.1(@rsbuild/core@2.2.12(@module-federation/runtime-tools@2.9.2))(@rspack/core@2.2.8(@module-federation/runtime-tools@2.9.2)(@swc/helpers@0.5.23))':
    dependencies:
      '@rspack/plugin-react-refresh': 2.0.2(@rspack/core@2.2.8(@module-federation/runtime-tools@2.9.2)(@swc/helpers@0.5.23))(react-refresh@0.19.0)
      react-refresh: 0.19.0
    optionalDependencies:
      '@rsbuild/core': 2.2.12(@module-federation/runtime-tools@2.9.2)
    transitivePeerDependencies:
      - '@rspack/core'

  '@rspack/binding-darwin-arm64@2.2.8':
    optional: true

  '@rspack/binding-darwin-x64@2.2.8':
    optional: true

  '@rspack/binding-linux-arm64-gnu@2.2.8':
    optional: true

  '@rspack/binding-linux-arm64-musl@2.2.8':
    optional: true

  '@rspack/binding-linux-ppc64-gnu@2.2.8':
    optional: true

  '@rspack/binding-linux-riscv64-gnu@2.2.8':
    optional: true

  '@rspack/binding-linux-riscv64-musl@2.2.8':
    optional: true

  '@rspack/binding-linux-s390x-gnu@2.2.8':
    optional: true

  '@rspack/binding-linux-x64-gnu@2.2.8':
    optional: true

  '@rspack/binding-linux-x64-musl@2.2.8':
    optional: true

  '@rspack/binding-wasm32-wasi@2.2.8':
    dependencies:
      '@emnapi/core': 1.11.3
      '@emnapi/runtime': 1.11.3
      '@napi-rs/wasm-runtime': 1.1.6(@emnapi/core@1.11.3)(@emnapi/runtime@1.11.3)
    optional: true

  '@rspack/binding-win32-arm64-msvc@2.2.8':
    optional: true

  '@rspack/binding-win32-ia32-msvc@2.2.8':
    optional: true

  '@rspack/binding-win32-x64-msvc@2.2.8':
    optional: true

  '@rspack/binding@2.2.8':
    optionalDependencies:
      '@rspack/binding-darwin-arm64': 2.2.8
      '@rspack/binding-darwin-x64': 2.2.8
      '@rspack/binding-linux-arm64-gnu': 2.2.8
      '@rspack/binding-linux-arm64-musl': 2.2.8
      '@rspack/binding-linux-ppc64-gnu': 2.2.8
      '@rspack/binding-linux-riscv64-gnu': 2.2.8
      '@rspack/binding-linux-riscv64-musl': 2.2.8
      '@rspack/binding-linux-s390x-gnu': 2.2.8
      '@rspack/binding-linux-x64-gnu': 2.2.8
      '@rspack/binding-linux-x64-musl': 2.2.8
      '@rspack/binding-wasm32-wasi': 2.2.8
      '@rspack/binding-win32-arm64-msvc': 2.2.8
      '@rspack/binding-win32-ia32-msvc': 2.2.8
      '@rspack/binding-win32-x64-msvc': 2.2.8

  '@rspack/core@2.2.8(@module-federation/runtime-tools@2.9.2)(@swc/helpers@0.5.23)':
    dependencies:
      '@rspack/binding': 2.2.8
    optionalDependencies:
      '@module-federation/runtime-tools': 2.9.2
      '@swc/helpers': 0.5.23

  '@rspack/plugin-react-refresh@2.0.2(@rspack/core@2.2.8(@module-federation/runtime-tools@2.9.2)(@swc/helpers@0.5.23))(react-refresh@0.19.0)':
    dependencies:
      react-refresh: 0.19.0
    optionalDependencies:
      '@rspack/core': 2.2.8(@module-federation/runtime-tools@2.9.2)(@swc/helpers@0.5.23)

  '@swc/helpers@0.5.23':
    dependencies:
      tslib: 2.8.1

  '@tanstack/history@1.162.4': {}

  '@tanstack/react-router@1.170.41(react-dom@19.3.0(react@19.3.0))(react@19.3.0)':
    dependencies:
      '@tanstack/history': 1.162.4
      '@tanstack/react-store': 0.11.2(react-dom@19.3.0(react@19.3.0))(react@19.3.0)
      '@tanstack/router-core': 1.171.34
      isbot: 5.2.2
      react: 19.3.0
      react-dom: 19.3.0(react@19.3.0)

  '@tanstack/react-store@0.11.2(react-dom@19.3.0(react@19.3.0))(react@19.3.0)':
    dependencies:
      '@tanstack/store': 0.11.2
      react: 19.3.0
      react-dom: 19.3.0(react@19.3.0)
      use-sync-external-store: 1.7.0(react@19.3.0)

  '@tanstack/router-core@1.171.34':
    dependencies:
      '@tanstack/history': 1.162.4
      cookie-es: 3.1.1
      seroval: 1.6.9
      seroval-plugins: 1.6.9(seroval@1.6.9)

  '@tanstack/store@0.11.2': {}

  '@toon-format/toon@4.4.0': {}

  '@tybys/wasm-util@0.10.4':
    dependencies:
      tslib: 2.8.1
    optional: true

  '@types/json-schema@7.0.15': {}

  '@types/react-dom@19.3.0(@types/react@19.3.0)':
    dependencies:
      '@types/react': 19.3.0

  '@types/react@19.3.0':
    dependencies:
      csstype: 3.2.3

  adm-zip@0.6.1: {}

  agent-base@6.0.2:
    dependencies:
      debug: 4.4.3
    transitivePeerDependencies:
      - supports-color

  agent-base@9.0.0: {}

  ajv-formats@2.1.1(ajv@8.20.0):
    optionalDependencies:
      ajv: 8.20.0

  ajv-keywords@5.1.0(ajv@8.20.0):
    dependencies:
      ajv: 8.20.0
      fast-deep-equal: 3.1.3

  ajv@8.20.0:
    dependencies:
      fast-deep-equal: 3.1.3
      fast-uri: 3.1.8
      json-schema-traverse: 1.0.0
      require-from-string: 2.0.2

  asynckit@0.4.0: {}

  axios@1.20.0(debug@4.4.3):
    dependencies:
      follow-redirects: 1.16.1(debug@4.4.3)
      form-data: 4.0.6
      https-proxy-agent: 5.0.1
      proxy-from-env: 2.1.0
    transitivePeerDependencies:
      - debug
      - supports-color

  bundle-name@4.1.1:
    dependencies:
      run-applescript: 7.1.0

  call-bind-apply-helpers@1.0.2:
    dependencies:
      es-errors: 1.3.0
      function-bind: 1.1.2

  ci-info@4.4.0: {}

  combined-stream@1.0.8:
    dependencies:
      delayed-stream: 1.0.0

  commander@11.1.0: {}

  cookie-es@3.1.1: {}

  csstype@3.2.3: {}

  debug@4.4.3:
    dependencies:
      ms: 2.1.3

  default-browser-id@5.0.1: {}

  default-browser@5.5.1:
    dependencies:
      bundle-name: 4.1.1
      default-browser-id: 5.0.1

  define-lazy-prop@3.0.0: {}

  delayed-stream@1.0.0: {}

  dunder-proto@1.0.1:
    dependencies:
      call-bind-apply-helpers: 1.0.2
      es-errors: 1.3.0
      gopd: 1.2.0

  encoding@0.1.13:
    dependencies:
      iconv-lite: 0.6.3

  es-define-property@1.0.1: {}

  es-errors@1.3.0: {}

  es-object-atoms@1.1.2:
    dependencies:
      es-errors: 1.3.0

  es-set-tostringtag@2.1.0:
    dependencies:
      es-errors: 1.3.0
      get-intrinsic: 1.3.0
      has-tostringtag: 1.0.2
      hasown: 2.0.4

  eventsource-parser@4.1.1: {}

  eventsource@5.1.2:
    dependencies:
      eventsource-parser: 4.1.1

  fast-deep-equal@3.1.3: {}

  fast-uri@3.1.8: {}

  follow-redirects@1.16.1(debug@4.4.3):
    optionalDependencies:
      debug: 4.4.3

  form-data@4.0.6:
    dependencies:
      asynckit: 0.4.0
      combined-stream: 1.0.8
      es-set-tostringtag: 2.1.0
      hasown: 2.0.4
      mime-types: 2.1.35

  function-bind@1.1.2: {}

  get-intrinsic@1.3.0:
    dependencies:
      call-bind-apply-helpers: 1.0.2
      es-define-property: 1.0.1
      es-errors: 1.3.0
      es-object-atoms: 1.1.2
      function-bind: 1.1.2
      get-proto: 1.0.1
      gopd: 1.2.0
      has-symbols: 1.1.0
      hasown: 2.0.4
      math-intrinsics: 1.1.0

  get-proto@1.0.1:
    dependencies:
      dunder-proto: 1.0.1
      es-object-atoms: 1.1.2

  gopd@1.2.0: {}

  graceful-fs@4.2.11: {}

  has-symbols@1.1.0: {}

  has-tostringtag@1.0.2:
    dependencies:
      has-symbols: 1.1.0

  hasown@2.0.4:
    dependencies:
      function-bind: 1.1.2

  https-proxy-agent@5.0.1:
    dependencies:
      agent-base: 6.0.2
      debug: 4.4.3
    transitivePeerDependencies:
      - supports-color

  https-proxy-agent@9.1.0:
    dependencies:
      agent-base: 9.0.0
      debug: 4.4.3
      proxy-agent-negotiate: 1.1.0
    transitivePeerDependencies:
      - kerberos
      - supports-color

  iconv-lite@0.6.3:
    dependencies:
      safer-buffer: 2.1.2

  is-docker@3.0.0: {}

  is-in-ssh@1.0.0: {}

  is-inside-container@1.0.0:
    dependencies:
      is-docker: 3.0.0

  is-wsl@3.1.1:
    dependencies:
      is-inside-container: 1.0.0

  isbot@5.2.2: {}

  isomorphic-ws@5.0.0(ws@8.21.3):
    dependencies:
      ws: 8.21.3

  jiti@2.4.2: {}

  jiti@2.7.0: {}

  jose@6.2.12: {}

  json-schema-traverse@1.0.0: {}

  math-intrinsics@1.1.0: {}

  mime-db@1.52.0: {}

  mime-types@2.1.35:
    dependencies:
      mime-db: 1.52.0

  ms@2.1.3: {}

  node-fetch@2.7.0(encoding@0.1.13):
    dependencies:
      whatwg-url: 5.0.0
    optionalDependencies:
      encoding: 0.1.13

  open@11.0.4:
    dependencies:
      default-browser: 5.5.1
      define-lazy-prop: 3.0.0
      is-in-ssh: 1.0.0
      is-inside-container: 1.0.0
      powershell-utils: 0.2.1
      wsl-utils: 1.0.1

  powershell-utils@0.2.1: {}

  proxy-agent-negotiate@1.1.0: {}

  proxy-from-env@2.1.0: {}

  react-dom@19.3.0(react@19.3.0):
    dependencies:
      react: 19.3.0
      scheduler: 0.28.0

  react-refresh@0.19.0: {}

  react@19.3.0: {}

  require-from-string@2.0.2: {}

  retry@0.13.1: {}

  run-applescript@7.1.0: {}

  safer-buffer@2.1.2: {}

  scheduler@0.28.0: {}

  schema-utils@4.3.0:
    dependencies:
      '@types/json-schema': 7.0.15
      ajv: 8.20.0
      ajv-formats: 2.1.1(ajv@8.20.0)
      ajv-keywords: 5.1.0(ajv@8.20.0)

  seroval-plugins@1.6.9(seroval@1.6.9):
    dependencies:
      seroval: 1.6.9

  seroval@1.6.9: {}

  signal-exit@3.0.7: {}

  tapable@2.3.0: {}

  tr46@0.0.3: {}

  tslib@2.8.1: {}

  typescript@5.9.3: {}

  undici@7.29.1: {}

  use-sync-external-store@1.7.0(react@19.3.0):
    dependencies:
      react: 19.3.0

  webidl-conversions@3.0.1: {}

  whatwg-url@5.0.0:
    dependencies:
      tr46: 0.0.3
      webidl-conversions: 3.0.1

  ws@8.21.3: {}

  wsl-utils@1.0.1:
    dependencies:
      is-wsl: 3.1.1
      powershell-utils: 0.2.1

  zephyr-agent@1.6.0:
    dependencies:
      '@bybrave/proper-lockfile2': 5.0.0
      '@toon-format/toon': 4.4.0
      axios: 1.20.0(debug@4.4.3)
      ci-info: 4.4.0
      debug: 4.4.3
      eventsource: 5.1.2
      https-proxy-agent: 9.1.0
      jiti: 2.7.0
      jose: 6.2.12
      open: 11.0.4
      zephyr-edge-contract: 1.6.0
    transitivePeerDependencies:
      - kerberos
      - supports-color

  zephyr-edge-contract@1.6.0: {}

  zephyr-rsbuild-plugin@1.6.0(@rsbuild/core@2.2.12(@module-federation/runtime-tools@2.9.2))(@rspack/core@2.2.8(@module-federation/runtime-tools@2.9.2)(@swc/helpers@0.5.23)):
    dependencies:
      '@rsbuild/core': 2.2.12(@module-federation/runtime-tools@2.9.2)
      zephyr-agent: 1.6.0
      zephyr-rspack-plugin: 1.6.0(@rspack/core@2.2.8(@module-federation/runtime-tools@2.9.2)(@swc/helpers@0.5.23))
      zephyr-xpack-internal: 1.6.0
    transitivePeerDependencies:
      - '@rspack/core'
      - kerberos
      - supports-color

  zephyr-rspack-plugin@1.6.0(@rspack/core@2.2.8(@module-federation/runtime-tools@2.9.2)(@swc/helpers@0.5.23)):
    dependencies:
      '@rspack/core': 2.2.8(@module-federation/runtime-tools@2.9.2)(@swc/helpers@0.5.23)
      zephyr-agent: 1.6.0
      zephyr-xpack-internal: 1.6.0
    transitivePeerDependencies:
      - kerberos
      - supports-color

  zephyr-xpack-internal@1.6.0:
    dependencies:
      zephyr-agent: 1.6.0
      zephyr-edge-contract: 1.6.0
    transitivePeerDependencies:
      - kerberos
      - supports-color
